
Microsoft Visual Studio Solution File, Format Version 10.00
# Visual Studio 2008
Project("{FAE04EC0-301F-11D3-BF4B-00C04F79EFBC}") = "CustomSetupActions", "CustomSetupActions\CustomSetupActions.csproj", "{E77BB557-42F1-461C-9F9D-729732C2AC06}"
EndProject
Project("{FAE04EC0-301F-11D3-BF4B-00C04F79EFBC}") = "XWordTrustManager", "XWordTrustManager\XWordTrustManager.csproj", "{211CDFA1-F21F-42F7-BBCD-305863C7328A}"
EndProject
Project("{FAE04EC0-301F-11D3-BF4B-00C04F79EFBC}") = "TestXWikiLib", "TestXWikiLib\TestXWikiLib.csproj", "{BCF8C79A-A683-4B68-927A-64AD96F37847}"
EndProject
Project("{2150E333-8FDC-42A3-9474-1A3956D46DE8}") = "Solution Items", "Solution Items", "{7C2FB4C6-633B-4B5F-96EC-18B35EDFFA32}"
EndProject
Project("{FAE04EC0-301F-11D3-BF4B-00C04F79EFBC}") = "XWord", "XWord\XWord.csproj", "{2815740E-E05C-4163-8951-F550A27B5668}"
EndProject
Project("{FAE04EC0-301F-11D3-BF4B-00C04F79EFBC}") = "XWikiLib", "XWikiLib\XWikiLib.csproj", "{93C6F40A-BAF9-41C2-987F-FBF71D8C26B6}"
EndProject
Project("{2150E333-8FDC-42A3-9474-1A3956D46DE8}") = "Code Style Enforcer", "Code Style Enforcer", "{0FBB069A-3620-4370-9741-E6F5D79C7596}"
	ProjectSection(SolutionItems) = preProject
		C:\Users\Florin\Documents\Code Style Enforcer\CustomRules\ImplementationRules.xml = C:\Users\Florin\Documents\Code Style Enforcer\CustomRules\ImplementationRules.xml
		C:\Users\Florin\Documents\Code Style Enforcer\CustomRules\NameRules.xml = C:\Users\Florin\Documents\Code Style Enforcer\CustomRules\NameRules.xml
		C:\Users\Florin\Documents\Code Style Enforcer\CustomRules\VisibilityRules.xml = C:\Users\Florin\Documents\Code Style Enforcer\CustomRules\VisibilityRules.xml
	EndProjectSection
EndProject
Global
	GlobalSection(SolutionConfigurationPlatforms) = preSolution
		Debug|Any CPU = Debug|Any CPU
		Release|Any CPU = Release|Any CPU
	EndGlobalSection
	GlobalSection(ProjectConfigurationPlatforms) = postSolution
		{E77BB557-42F1-461C-9F9D-729732C2AC06}.Debug|Any CPU.ActiveCfg = Debug|Any CPU
		{E77BB557-42F1-461C-9F9D-729732C2AC06}.Debug|Any CPU.Build.0 = Debug|Any CPU
		{E77BB557-42F1-461C-9F9D-729732C2AC06}.Release|Any CPU.ActiveCfg = Release|Any CPU
		{E77BB557-42F1-461C-9F9D-729732C2AC06}.Release|Any CPU.Build.0 = Release|Any CPU
		{211CDFA1-F21F-42F7-BBCD-305863C7328A}.Debug|Any CPU.ActiveCfg = Debug|Any CPU
		{211CDFA1-F21F-42F7-BBCD-305863C7328A}.Debug|Any CPU.Build.0 = Debug|Any CPU
		{211CDFA1-F21F-42F7-BBCD-305863C7328A}.Release|Any CPU.ActiveCfg = Release|Any CPU
		{211CDFA1-F21F-42F7-BBCD-305863C7328A}.Release|Any CPU.Build.0 = Release|Any CPU
		{BCF8C79A-A683-4B68-927A-64AD96F37847}.Debug|Any CPU.ActiveCfg = Debug|Any CPU
		{BCF8C79A-A683-4B68-927A-64AD96F37847}.Debug|Any CPU.Build.0 = Debug|Any CPU
		{BCF8C79A-A683-4B68-927A-64AD96F37847}.Release|Any CPU.ActiveCfg = Release|Any CPU
		{BCF8C79A-A683-4B68-927A-64AD96F37847}.Release|Any CPU.Build.0 = Release|Any CPU
		{2815740E-E05C-4163-8951-F550A27B5668}.Debug|Any CPU.ActiveCfg = Debug|Any CPU
		{2815740E-E05C-4163-8951-F550A27B5668}.Debug|Any CPU.Build.0 = Debug|Any CPU
		{2815740E-E05C-4163-8951-F550A27B5668}.Release|Any CPU.ActiveCfg = Release|Any CPU
		{2815740E-E05C-4163-8951-F550A27B5668}.Release|Any CPU.Build.0 = Release|Any CPU
		{93C6F40A-BAF9-41C2-987F-FBF71D8C26B6}.Debug|Any CPU.ActiveCfg = Debug|Any CPU
		{93C6F40A-BAF9-41C2-987F-FBF71D8C26B6}.Debug|Any CPU.Build.0 = Debug|Any CPU
		{93C6F40A-BAF9-41C2-987F-FBF71D8C26B6}.Release|Any CPU.ActiveCfg = Release|Any CPU
		{93C6F40A-BAF9-41C2-987F-FBF71D8C26B6}.Release|Any CPU.Build.0 = Release|Any CPU
	EndGlobalSection
	GlobalSection(SolutionProperties) = preSolution
		HideSolutionNode = FALSE
	EndGlobalSection
	GlobalSection(ExtensibilityGlobals) = postSolution
		CodeStyleEnforcer_Active = -1
		CodeStyleEnforcer_RulesLocation = 0
	EndGlobalSection
EndGlobal
